// !$*UTF8*$!
{
	archiveVersion = 1;
	classes = {
	};
	objectVersion = 46;
	objects = {

/* Begin PBXBuildFile section */
		C70A61BA1AFBD9A600C7EFF2 /* CalculatorBrain.swift in Sources */ = {isa = PBXBuildFile; fileRef = C70A61B91AFBD9A600C7EFF2 /* CalculatorBrain.swift */; };
		C786B8FF1AF99035005DC703 /* AppDelegate.swift in Sources */ = {isa = PBXBuildFile; fileRef = C786B8FE1AF99035005DC703 /* AppDelegate.swift */; };
		C786B9011AF99035005DC703 /* ViewController.swift in Sources */ = {isa = PBXBuildFile; fileRef = C786B9001AF99035005DC703 /* ViewController.swift */; };
		C786B9041AF99035005DC703 /* Main.storyboard in Resources */ = {isa = PBXBuildFile; fileRef = C786B9021AF99035005DC703 /* Main.storyboard */; };
		C786B9061AF99035005DC703 /* Images.xcassets in Resources */ = {isa = PBXBuildFile; fileRef = C786B9051AF99035005DC703 /* Images.xcassets */; };
		C786B9091AF99035005DC703 /* LaunchScreen.xib in Resources */ = {isa = PBXBuildFile; fileRef = C786B9071AF99035005DC703 /* LaunchScreen.xib */; };
		C786B9151AF99035005DC703 /* iCalcTests.swift in Sources */ = {isa = PBXBuildFile; fileRef = C786B9141AF99035005DC703 /* iCalcTests.swift */; };
/* End PBXBuildFile section */

/* Begin PBXContainerItemProxy section */
		C786B90F1AF99035005DC703 /* PBXContainerItemProxy */ = {
			isa = PBXContainerItemProxy;
			containerPortal = C786B8F11AF99035005DC703 /* Project object */;
			proxyType = 1;
			remoteGlobalIDString = C786B8F81AF99035005DC703;
			remoteInfo = iCalc;
		};
/* End PBXContainerItemProxy section */

/* Begin PBXFileReference section */
		C70A61B91AFBD9A600C7EFF2 /* CalculatorBrain.swift */ = {isa = PBXFileReference; fileEncoding = 4; lastKnownFileType = sourcecode.swift; path = CalculatorBrain.swift; sourceTree = "<group>"; };
		C786B8F91AF99035005DC703 /* iCalc.app */ = {isa = PBXFileReference; explicitFileType = wrapper.application; includeInIndex = 0; path = iCalc.app; sourceTree = BUILT_PRODUCTS_DIR; };
		C786B8FD1AF99035005DC703 /* Info.plist */ = {isa = PBXFileReference; lastKnownFileType = text.plist.xml; path = Info.plist; sourceTree = "<group>"; };
		C786B8FE1AF99035005DC703 /* AppDelegate.swift */ = {isa = PBXFileReference; lastKnownFileType = sourcecode.swift; path = AppDelegate.swift; sourceTree = "<group>"; };
		C786B9001AF99035005DC703 /* ViewController.swift */ = {isa = PBXFileReference; lastKnownFileType = sourcecode.swift; path = ViewController.swift; sourceTree = "<group>"; };
		C786B9031AF99035005DC703 /* Base */ = {isa = PBXFileReference; lastKnownFileType = file.storyboard; name = Base; path = Base.lproj/Main.storyboard; sourceTree = "<group>"; };
		C786B9051AF99035005DC703 /* Images.xcassets */ = {isa = PBXFileReference; lastKnownFileType = folder.assetcatalog; path = Images.xcassets; sourceTree = "<group>"; };
		C786B9081AF99035005DC703 /* Base */ = {isa = PBXFileReference; lastKnownFileType = file.xib; name = Base; path = Base.lproj/LaunchScreen.xib; sourceTree = "<group>"; };
		C786B90E1AF99035005DC703 /* iCalcTests.xctest */ = {isa = PBXFileReference; explicitFileType = wrapper.cfbundle; includeInIndex = 0; path = iCalcTests.xctest; sourceTree = BUILT_PRODUCTS_DIR; };
		C786B9131AF99035005DC703 /* Info.plist */ = {isa = PBXFileReference; lastKnownFileType = text.plist.xml; path = Info.plist; sourceTree = "<group>"; };
		C786B9141AF99035005DC703 /* iCalcTests.swift */ = {isa = PBXFileReference; lastKnownFileType = sourcecode.swift; path = iCalcTests.swift; sourceTree = "<group>"; };
/* End PBXFileReference section */

/* Begin PBXFrameworksBuildPhase section */
		C786B8F61AF99035005DC703 /* Frameworks */ = {
			isa = PBXFrameworksBuildPhase;
			buildActionMask = 2147483647;
			files = (
			);
			runOnlyForDeploymentPostprocessing = 0;
		};
		C786B90B1AF99035005DC703 /* Frameworks */ = {
			isa = PBXFrameworksBuildPhase;
			buildActionMask = 2147483647;
			files = (
			);
			runOnlyForDeploymentPostprocessing = 0;
		};
/* End PBXFrameworksBuildPhase section */

/* Begin PBXGroup section */
		C786B8F01AF99035005DC703 = {
			isa = PBXGroup;
			children = (
				C786B8FB1AF99035005DC703 /* iCalc */,
				C786B9111AF99035005DC703 /* iCalcTests */,
				C786B8FA1AF99035005DC703 /* Products */,
			);
			sourceTree = "<group>";
		};
		C786B8FA1AF99035005DC703 /* Products */ = {
			isa = PBXGroup;
			children = (
				C786B8F91AF99035005DC703 /* iCalc.app */,
				C786B90E1AF99035005DC703 /* iCalcTests.xctest */,
			);
			name = Products;
			sourceTree = "<group>";
		};
		C786B8FB1AF99035005DC703 /* iCalc */ = {
			isa = PBXGroup;
			children = (
				C786B9001AF99035005DC703 /* ViewController.swift */,
				C70A61B91AFBD9A600C7EFF2 /* CalculatorBrain.swift */,
				C786B9021AF99035005DC703 /* Main.storyboard */,
				C786B8FC1AF99035005DC703 /* Supporting Files */,
			);
			path = iCalc;
			sourceTree = "<group>";
		};
		C786B8FC1AF99035005DC703 /* Supporting Files */ = {
			isa = PBXGroup;
			children = (
				C786B8FE1AF99035005DC703 /* AppDelegate.swift */,
				C786B9071AF99035005DC703 /* LaunchScreen.xib */,
				C786B9051AF99035005DC703 /* Images.xcassets */,
				C786B8FD1AF99035005DC703 /* Info.plist */,
			);
			name = "Supporting Files";
			sourceTree = "<group>";
		};
		C786B9111AF99035005DC703 /* iCalcTests */ = {
			isa = PBXGroup;
			children = (
				C786B9141AF99035005DC703 /* iCalcTests.swift */,
				C786B9121AF99035005DC703 /* Supporting Files */,
			);
			path = iCalcTests;
			sourceTree = "<group>";
		};
		C786B9121AF99035005DC703 /* Supporting Files */ = {
			isa = PBXGroup;
			children = (
				C786B9131AF99035005DC703 /* Info.plist */,
			);
			name = "Supporting Files";
			sourceTree = "<group>";
		};
/* End PBXGroup section */

/* Begin PBXNativeTarget section */
		C786B8F81AF99035005DC703 /* iCalc */ = {
			isa = PBXNativeTarget;
			buildConfigurationList = C786B9181AF99035005DC703 /* Build configuration list for PBXNativeTarget "iCalc" */;
			buildPhases = (
				C786B8F51AF99035005DC703 /* Sources */,
				C786B8F61AF99035005DC703 /* Frameworks */,
				C786B8F71AF99035005DC703 /* Resources */,
			);
			buildRules = (
			);
			dependencies = (
			);
			name = iCalc;
			productName = iCalc;
			productReference = C786B8F91AF99035005DC703 /* iCalc.app */;
			productType = "com.apple.product-type.application";
		};
		C786B90D1AF99035005DC703 /* iCalcTests */ = {
			isa = PBXNativeTarget;
			buildConfigurationList = C786B91B1AF99035005DC703 /* Build configuration list for PBXNativeTarget "iCalcTests" */;
			buildPhases = (
				C786B90A1AF99035005DC703 /* Sources */,
				C786B90B1AF99035005DC703 /* Frameworks */,
				C786B90C1AF99035005DC703 /* Resources */,
			);
			buildRules = (
			);
			dependencies = (
				C786B9101AF99035005DC703 /* PBXTargetDependency */,
			);
			name = iCalcTests;
			productName = iCalcTests;
			productReference = C786B90E1AF99035005DC703 /* iCalcTests.xctest */;
			productType = "com.apple.product-type.bundle.unit-test";
		};
/* End PBXNativeTarget section */

/* Begin PBXProject section */
		C786B8F11AF99035005DC703 /* Project object */ = {
			isa = PBXProject;
			attributes = {
				LastUpgradeCheck = 0630;
				ORGANIZATIONNAME = "Sagar Vemuri";
				TargetAttributes = {
					C786B8F81AF99035005DC703 = {
						CreatedOnToolsVersion = 6.3.1;
					};
					C786B90D1AF99035005DC703 = {
						CreatedOnToolsVersion = 6.3.1;
						TestTargetID = C786B8F81AF99035005DC703;
					};
				};
			};
			buildConfigurationList = C786B8F41AF99035005DC703 /* Build configuration list for PBXProject "iCalc" */;
			compatibilityVersion = "Xcode 3.2";
			developmentRegion = English;
			hasScannedForEncodings = 0;
			knownRegions = (
				en,
				Base,
			);
			mainGroup = C786B8F01AF99035005DC703;
			productRefGroup = C786B8FA1AF99035005DC703 /* Products */;
			projectDirPath = "";
			projectRoot = "";
			targets = (
				C786B8F81AF99035005DC703 /* iCalc */,
				C786B90D1AF99035005DC703 /* iCalcTests */,
			);
		};
/* End PBXProject section */

/* Begin PBXResourcesBuildPhase section */
		C786B8F71AF99035005DC703 /* Resources */ = {
			isa = PBXResourcesBuildPhase;
			buildActionMask = 2147483647;
			files = (
				C786B9041AF99035005DC703 /* Main.storyboard in Resources */,
				C786B9091AF99035005DC703 /* LaunchScreen.xib in Resources */,
				C786B9061AF99035005DC703 /* Images.xcassets in Resources */,
			);
			runOnlyForDeploymentPostprocessing = 0;
		};
		C786B90C1AF99035005DC703 /* Resources */ = {
			isa = PBXResourcesBuildPhase;
			buildActionMask = 2147483647;
			files = (
			);
			runOnlyForDeploymentPostprocessing = 0;
		};
/* End PBXResourcesBuildPhase section */

/* Begin PBXSourcesBuildPhase section */
		C786B8F51AF99035005DC703 /* Sources */ = {
			isa = PBXSourcesBuildPhase;
			buildActionMask = 2147483647;
			files = (
				C70A61BA1AFBD9A600C7EFF2 /* CalculatorBrain.swift in Sources */,
				C786B9011AF99035005DC703 /* ViewController.swift in Sources */,
				C786B8FF1AF99035005DC703 /* AppDelegate.swift in Sources */,
			);
			runOnlyForDeploymentPostprocessing = 0;
		};
		C786B90A1AF99035005DC703 /* Sources */ = {
			isa = PBXSourcesBuildPhase;
			buildActionMask = 2147483647;
			files = (
				C786B9151AF99035005DC703 /* iCalcTests.swift in Sources */,
			);
			runOnlyForDeploymentPostprocessing = 0;
		};
/* End PBXSourcesBuildPhase section */

/* Begin PBXTargetDependency section */
		C786B9101AF99035005DC703 /* PBXTargetDependency */ = {
			isa = PBXTargetDependency;
			target = C786B8F81AF99035005DC703 /* iCalc */;
			targetProxy = C786B90F1AF99035005DC703 /* PBXContainerItemProxy */;
		};
/* End PBXTargetDependency section */

/* Begin PBXVariantGroup section */
		C786B9021AF99035005DC703 /* Main.storyboard */ = {
			isa = PBXVariantGroup;
			children = (
				C786B9031AF99035005DC703 /* Base */,
			);
			name = Main.storyboard;
			sourceTree = "<group>";
		};
		C786B9071AF99035005DC703 /* LaunchScreen.xib */ = {
			isa = PBXVariantGroup;
			children = (
				C786B9081AF99035005DC703 /* Base */,
			);
			name = LaunchScreen.xib;
			sourceTree = "<group>";
		};
/* End PBXVariantGroup section */

/* Begin XCBuildConfiguration section */
		C786B9161AF99035005DC703 /* Debug */ = {
			isa = XCBuildConfiguration;
			buildSettings = {
				ALWAYS_SEARCH_USER_PATHS = NO;
				CLANG_CXX_LANGUAGE_STANDARD = "gnu++0x";
				CLANG_CXX_LIBRARY = "libc++";
				CLANG_ENABLE_MODULES = YES;
				CLANG_ENABLE_OBJC_ARC = YES;
				CLANG_WARN_BOOL_CONVERSION = YES;
				CLANG_WARN_CONSTANT_CONVERSION = YES;
				CLANG_WARN_DIRECT_OBJC_ISA_USAGE = YES_ERROR;
				CLANG_WARN_EMPTY_BODY = YES;
				CLANG_WARN_ENUM_CONVERSION = YES;
				CLANG_WARN_INT_CONVERSION = YES;
				CLANG_WARN_OBJC_ROOT_CLASS = YES_ERROR;
				CLANG_WARN_UNREACHABLE_CODE = YES;
				CLANG_WARN__DUPLICATE_METHOD_MATCH = YES;
				"CODE_SIGN_IDENTITY[sdk=iphoneos*]" = "iPhone Developer";
				COPY_PHASE_STRIP = NO;
				DEBUG_INFORMATION_FORMAT = "dwarf-with-dsym";
				ENABLE_STRICT_OBJC_MSGSEND = YES;
				GCC_C_LANGUAGE_STANDARD = gnu99;
				GCC_DYNAMIC_NO_PIC = NO;
				GCC_NO_COMMON_BLOCKS = YES;
				GCC_OPTIMIZATION_LEVEL = 0;
				GCC_PREPROCESSOR_DEFINITIONS = (
					"DEBUG=1",
					"$(inherited)",
				);
				GCC_SYMBOLS_PRIVATE_EXTERN = NO;
				GCC_WARN_64_TO_32_BIT_CONVERSION = YES;
				GCC_WARN_ABOUT_RETURN_TYPE = YES_ERROR;
				GCC_WARN_UNDECLARED_SELECTOR = YES;
				GCC_WARN_UNINITIALIZED_AUTOS = YES_AGGRESSIVE;
				GCC_WARN_UNUSED_FUNCTION = YES;
				GCC_WARN_UNUSED_VARIABLE = YES;
				IPHONEOS_DEPLOYMENT_TARGET = 8.3;
				MTL_ENABLE_DEBUG_INFO = YES;
				ONLY_ACTIVE_ARCH = YES;
				SDKROOT = iphoneos;
				SWIFT_OPTIMIZATION_LEVEL = "-Onone";
				TARGETED_DEVICE_FAMILY = "1,2";
			};
			name = Debug;
		};
		C786B9171AF99035005DC703 /* Release */ = {
			isa = XCBuildConfiguration;
			buildSettings = {
				ALWAYS_SEARCH_USER_PATHS = NO;
				CLANG_CXX_LANGUAGE_STANDARD = "gnu++0x";
				CLANG_CXX_LIBRARY = "libc++";
				CLANG_ENABLE_MODULES = YES;
				CLANG_ENABLE_OBJC_ARC = YES;
				CLANG_WARN_BOOL_CONVERSION = YES;
				CLANG_WARN_CONSTANT_CONVERSION = YES;
				CLANG_WARN_DIRECT_OBJC_ISA_USAGE = YES_ERROR;
				CLANG_WARN_EMPTY_BODY = YES;
				CLANG_WARN_ENUM_CONVERSION = YES;
				CLANG_WARN_INT_CONVERSION = YES;
				CLANG_WARN_OBJC_ROOT_CLASS = YES_ERROR;
				CLANG_WARN_UNREACHABLE_CODE = YES;
				CLANG_WARN__DUPLICATE_METHOD_MATCH = YES;
				"CODE_SIGN_IDENTITY[sdk=iphoneos*]" = "iPhone Developer";
				COPY_PHASE_STRIP = NO;
				DEBUG_INFORMATION_FORMAT = "dwarf-with-dsym";
				ENABLE_NS_ASSERTIONS = NO;
				ENABLE_STRICT_OBJC_MSGSEND = YES;
				GCC_C_LANGUAGE_STANDARD = gnu99;
				GCC_NO_COMMON_BLOCKS = YES;
				GCC_WARN_64_TO_32_BIT_CONVERSION = YES;
				GCC_WARN_ABOUT_RETURN_TYPE = YES_ERROR;
				GCC_WARN_UNDECLARED_SELECTOR = YES;
				GCC_WARN_UNINITIALIZED_AUTOS = YES_AGGRESSIVE;
				GCC_WARN_UNUSED_FUNCTION = YES;
				GCC_WARN_UNUSED_VARIABLE = YES;
				IPHONEOS_DEPLOYMENT_TARGET = 8.3;
				MTL_ENABLE_DEBUG_INFO = NO;
				SDKROOT = iphoneos;
				TARGETED_DEVICE_FAMILY = "1,2";
				VALIDATE_PRODUCT = YES;
			};
			name = Release;
		};
		C786B9191AF99035005DC703 /* Debug */ = {
			isa = XCBuildConfiguration;
			buildSettings = {
				ASSETCATALOG_COMPILER_APPICON_NAME = AppIcon;
				INFOPLIST_FILE = iCalc/Info.plist;
				LD_RUNPATH_SEARCH_PATHS = "$(inherited) @executable_path/Frameworks";
				PRODUCT_NAME = "$(TARGET_NAME)";
			};
			name = Debug;
		};
		C786B91A1AF99035005DC703 /* Release */ = {
			isa = XCBuildConfiguration;
			buildSettings = {
				ASSETCATALOG_COMPILER_APPICON_NAME = AppIcon;
				INFOPLIST_FILE = iCalc/Info.plist;
				LD_RUNPATH_SEARCH_PATHS = "$(inherited) @executable_path/Frameworks";
				PRODUCT_NAME = "$(TARGET_NAME)";
			};
			name = Release;
		};
		C786B91C1AF99035005DC703 /* Debug */ = {
			isa = XCBuildConfiguration;
			buildSettings = {
				BUNDLE_LOADER = "$(TEST_HOST)";
				FRAMEWORK_SEARCH_PATHS = (
					"$(SDKROOT)/Developer/Library/Frameworks",
					"$(inherited)",
				);
				GCC_PREPROCESSOR_DEFINITIONS = (
					"DEBUG=1",
					"$(inherited)",
				);
				INFOPLIST_FILE = iCalcTests/Info.plist;
				LD_RUNPATH_SEARCH_PATHS = "$(inherited) @executable_path/Frameworks @loader_path/Frameworks";
				PRODUCT_NAME = "$(TARGET_NAME)";
				TEST_HOST = "$(BUILT_PRODUCTS_DIR)/iCalc.app/iCalc";
			};
			name = Debug;
		};
		C786B91D1AF99035005DC703 /* Release */ = {
			isa = XCBuildConfiguration;
			buildSettings = {
				BUNDLE_LOADER = "$(TEST_HOST)";
				FRAMEWORK_SEARCH_PATHS = (
					"$(SDKROOT)/Developer/Library/Frameworks",
					"$(inherited)",
				);
				INFOPLIST_FILE = iCalcTests/Info.plist;
				LD_RUNPATH_SEARCH_PATHS = "$(inherited) @executable_path/Frameworks @loader_path/Frameworks";
				PRODUCT_NAME = "$(TARGET_NAME)";
				TEST_HOST = "$(BUILT_PRODUCTS_DIR)/iCalc.app/iCalc";
			};
			name = Release;
		};
/* End XCBuildConfiguration section */

/* Begin XCConfigurationList section */
		C786B8F41AF99035005DC703 /* Build configuration list for PBXProject "iCalc" */ = {
			isa = XCConfigurationList;
			buildConfigurations = (
				C786B9161AF99035005DC703 /* Debug */,
				C786B9171AF99035005DC703 /* Release */,
			);
			defaultConfigurationIsVisible = 0;
			defaultConfigurationName = Release;
		};
		C786B9181AF99035005DC703 /* Build configuration list for PBXNativeTarget "iCalc" */ = {
			isa = XCConfigurationList;
			buildConfigurations = (
				C786B9191AF99035005DC703 /* Debug */,
				C786B91A1AF99035005DC703 /* Release */,
			);
			defaultConfigurationIsVisible = 0;
			defaultConfigurationName = Release;
		};
		C786B91B1AF99035005DC703 /* Build configuration list for PBXNativeTarget "iCalcTests" */ = {
			isa = XCConfigurationList;
			buildConfigurations = (
				C786B91C1AF99035005DC703 /* Debug */,
				C786B91D1AF99035005DC703 /* Release */,
			);
			defaultConfigurationIsVisible = 0;
			defaultConfigurationName = Release;
		};
/* End XCConfigurationList section */
	};
	rootObject = C786B8F11AF99035005DC703 /* Project object */;
}
